
Microsoft Visual Studio Solution File, Format Version 12.00
# Visual Studio Version 17
VisualStudioVersion = 17.5.002.0
MinimumVisualStudioVersion = 10.0.40219.1
Project("{9A19103F-16F7-4668-BE54-9A1E7A4F7556}") = "DesafioPOO", "DesafioPOO.csproj", "{A70AC462-73A0-4E4B-A368-C3A9C81CBAA2}"
EndProject
Global
	GlobalSection(SolutionConfigurationPlatforms) = preSolution
		Debug|Any CPU = Debug|Any CPU
		Release|Any CPU = Release|Any CPU
	EndGlobalSection
	GlobalSection(ProjectConfigurationPlatforms) = postSolution
		{A70AC462-73A0-4E4B-A368-C3A9C81CBAA2}.Debug|Any CPU.ActiveCfg = Debug|Any CPU
		{A70AC462-73A0-4E4B-A368-C3A9C81CBAA2}.Debug|Any CPU.Build.0 = Debug|Any CPU
		{A70AC462-73A0-4E4B-A368-C3A9C81CBAA2}.Release|Any CPU.ActiveCfg = Release|Any CPU
		{A70AC462-73A0-4E4B-A368-C3A9C81CBAA2}.Release|Any CPU.Build.0 = Release|Any CPU
	EndGlobalSection
	GlobalSection(SolutionProperties) = preSolution
		HideSolutionNode = FALSE
	EndGlobalSection
	GlobalSection(ExtensibilityGlobals) = postSolution
		SolutionGuid = {03CF6ACC-5BD4-40F4-BA18-C3A66F5EC9CE}
	EndGlobalSection
EndGlobal
